{
    "hash": "d984134d9ba69f3c2d9fb71764f3b8a0",
    "packages": [
        {
            "name": "adodb/adodb",
            "version": "5.18",
            "dist": {
                "type": "zip",
                "url": "http://downloads.sourceforge.net/project/adodb/adodb-php5-only/adodb-518-for-php5/adodb518a.zip",
                "reference": null,
                "shasum": null
            },
            "type": "library",
            "installation-source": "dist",
            "autoload": {
                "files": [
                    "adodb.inc.php"
                ]
            }
        },
        {
            "name": "pimple/pimple",
            "version": "dev-master",
            "source": {
                "type": "git",
                "url": "git://github.com/fabpot/Pimple.git",
                "reference": "v1.0.1"
            },
            "dist": {
                "type": "zip",
                "url": "https://github.com/fabpot/Pimple/archive/v1.0.1.zip",
                "reference": "v1.0.1",
                "shasum": ""
            },
            "require": {
                "php": ">=5.3.0"
            },
            "time": "2012-11-11 08:32:34",
            "type": "library",
            "extra": {
                "branch-alias": {
                    "dev-master": "1.0.x-dev"
                }
            },
            "installation-source": "source",
            "autoload": {
                "psr-0": {
                    "Pimple": "lib/"
                }
            },
            "notification-url": "https://packagist.org/downloads/",
            "license": [
                "MIT"
            ],
            "authors": [
                {
                    "name": "Fabien Potencier",
                    "email": "fabien@symfony.com"
                }
            ],
            "description": "Pimple is a simple Dependency Injection Container for PHP 5.3",
            "homepage": "http://pimple.sensiolabs.org",
            "keywords": [
                "dependency injection",
                "container"
            ]
        },
        {
            "name": "silex/silex",
            "version": "dev-master",
            "source": {
                "type": "git",
                "url": "git://github.com/fabpot/Silex.git",
                "reference": "bd523d5970bb093d1d2c709e91a7f72b70c39108"
            },
            "dist": {
                "type": "zip",
                "url": "https://github.com/fabpot/Silex/archive/bd523d5970bb093d1d2c709e91a7f72b70c39108.zip",
                "reference": "bd523d5970bb093d1d2c709e91a7f72b70c39108",
                "shasum": ""
            },
            "require": {
                "php": ">=5.3.3",
                "pimple/pimple": "1.*",
                "symfony/event-dispatcher": ">=2.1,<2.3-dev",
                "symfony/http-foundation": ">=2.1,<2.3-dev",
                "symfony/http-kernel": ">=2.1,<2.3-dev",
                "symfony/routing": ">=2.1,<2.3-dev"
            },
            "require-dev": {
                "monolog/monolog": ">=1.0.0,<1.2-dev",
                "twig/twig": ">=1.8.0,<2.0-dev",
                "swiftmailer/swiftmailer": "4.2.*",
                "doctrine/dbal": ">=2.2.0,<2.4.0-dev",
                "symfony/security": ">=2.1,<2.3-dev",
                "symfony/config": ">=2.1,<2.3-dev",
                "symfony/locale": ">=2.1,<2.3-dev",
                "symfony/form": ">=2.1,<2.3-dev",
                "symfony/browser-kit": ">=2.1,<2.3-dev",
                "symfony/css-selector": ">=2.1,<2.3-dev",
                "symfony/finder": ">=2.1,<2.3-dev",
                "symfony/monolog-bridge": ">=2.1,<2.3-dev",
                "symfony/process": ">=2.1,<2.3-dev",
                "symfony/translation": ">=2.1,<2.3-dev",
                "symfony/twig-bridge": ">=2.1,<2.3-dev",
                "symfony/validator": ">=2.1,<2.3-dev",
                "symfony/serializer": ">=2.1,<2.3-dev"
            },
            "suggest": {
                "symfony/browser-kit": ">=2.1,<2.3-dev",
                "symfony/css-selector": ">=2.1,<2.3-dev",
                "symfony/dom-crawler": ">=2.1,<2.3-dev"
            },
            "time": "2012-12-18 11:32:45",
            "type": "library",
            "extra": {
                "branch-alias": {
                    "dev-master": "1.0.x-dev"
                }
            },
            "installation-source": "source",
            "autoload": {
                "psr-0": {
                    "Silex": "src/"
                }
            },
            "notification-url": "https://packagist.org/downloads/",
            "license": [
                "MIT"
            ],
            "authors": [
                {
                    "name": "Fabien Potencier",
                    "email": "fabien@symfony.com"
                },
                {
                    "name": "Igor Wiedler",
                    "email": "igor@wiedler.ch",
                    "homepage": "http://wiedler.ch/igor/"
                }
            ],
            "description": "The PHP micro-framework based on the Symfony2 Components",
            "homepage": "http://silex.sensiolabs.org",
            "keywords": [
                "microframework"
            ]
        },
        {
            "name": "symfony/http-foundation",
            "version": "2.1.x-dev",
            "target-dir": "Symfony/Component/HttpFoundation",
            "source": {
                "type": "git",
                "url": "https://github.com/symfony/HttpFoundation",
                "reference": "7572849520522cc1ac4b63357c39b6c2d5e5c2b2"
            },
            "dist": {
                "type": "zip",
                "url": "https://github.com/symfony/HttpFoundation/archive/7572849520522cc1ac4b63357c39b6c2d5e5c2b2.zip",
                "reference": "7572849520522cc1ac4b63357c39b6c2d5e5c2b2",
                "shasum": ""
            },
            "require": {
                "php": ">=5.3.3"
            },
            "time": "2012-12-14 21:03:29",
            "type": "library",
            "installation-source": "source",
            "autoload": {
                "psr-0": {
                    "Symfony\\Component\\HttpFoundation": "",
                    "SessionHandlerInterface": "Symfony/Component/HttpFoundation/Resources/stubs"
                }
            },
            "notification-url": "https://packagist.org/downloads/",
            "license": [
                "MIT"
            ],
            "authors": [
                {
                    "name": "Fabien Potencier",
                    "email": "fabien@symfony.com"
                },
                {
                    "name": "Symfony Community",
                    "homepage": "http://symfony.com/contributors"
                }
            ],
            "description": "Symfony HttpFoundation Component",
            "homepage": "http://symfony.com"
        },
        {
            "name": "symfony/http-kernel",
            "version": "2.1.x-dev",
            "target-dir": "Symfony/Component/HttpKernel",
            "source": {
                "type": "git",
                "url": "https://github.com/symfony/HttpKernel",
                "reference": "0e93b5f2068ba9efe2c943681d1e39ab58207a35"
            },
            "dist": {
                "type": "zip",
                "url": "https://github.com/symfony/HttpKernel/archive/0e93b5f2068ba9efe2c943681d1e39ab58207a35.zip",
                "reference": "0e93b5f2068ba9efe2c943681d1e39ab58207a35",
                "shasum": ""
            },
            "require": {
                "php": ">=5.3.3",
                "symfony/event-dispatcher": "2.1.*",
                "symfony/http-foundation": "2.1.*"
            },
            "require-dev": {
                "symfony/browser-kit": "2.1.*",
                "symfony/class-loader": "2.1.*",
                "symfony/config": "2.1.*",
                "symfony/console": "2.1.*",
                "symfony/dependency-injection": "2.1.*",
                "symfony/finder": "2.1.*",
                "symfony/process": "2.1.*",
                "symfony/routing": "2.1.*"
            },
            "suggest": {
                "symfony/browser-kit": "2.1.*",
                "symfony/class-loader": "2.1.*",
                "symfony/config": "2.1.*",
                "symfony/console": "2.1.*",
                "symfony/dependency-injection": "2.1.*",
                "symfony/finder": "2.1.*"
            },
            "time": "2012-12-15 16:44:57",
            "type": "library",
            "installation-source": "source",
            "autoload": {
                "psr-0": {
                    "Symfony\\Component\\HttpKernel": ""
                }
            },
            "notification-url": "https://packagist.org/downloads/",
            "license": [
                "MIT"
            ],
            "authors": [
                {
                    "name": "Fabien Potencier",
                    "email": "fabien@symfony.com"
                },
                {
                    "name": "Symfony Community",
                    "homepage": "http://symfony.com/contributors"
                }
            ],
            "description": "Symfony HttpKernel Component",
            "homepage": "http://symfony.com"
        },
        {
            "name": "symfony/routing",
            "version": "dev-master",
            "target-dir": "Symfony/Component/Routing",
            "source": {
                "type": "git",
                "url": "https://github.com/symfony/Routing",
                "reference": "c259a67cf029b106048c91cd74a7a1284c321e65"
            },
            "dist": {
                "type": "zip",
                "url": "https://github.com/symfony/Routing/archive/c259a67cf029b106048c91cd74a7a1284c321e65.zip",
                "reference": "c259a67cf029b106048c91cd74a7a1284c321e65",
                "shasum": ""
            },
            "require": {
                "php": ">=5.3.3"
            },
            "require-dev": {
                "doctrine/common": ">=2.2,<2.4-dev",
                "symfony/config": "2.2.*",
                "symfony/yaml": "2.2.*",
                "symfony/http-kernel": "2.2.*"
            },
            "suggest": {
                "doctrine/common": ">=2.2,<2.4-dev",
                "symfony/config": "2.2.*",
                "symfony/yaml": "2.2.*"
            },
            "time": "2012-12-14 22:50:21",
            "type": "library",
            "extra": {
                "branch-alias": {
                    "dev-master": "2.2-dev"
                }
            },
            "installation-source": "source",
            "autoload": {
                "psr-0": {
                    "Symfony\\Component\\Routing\\": ""
                }
            },
            "notification-url": "https://packagist.org/downloads/",
            "license": [
                "MIT"
            ],
            "authors": [
                {
                    "name": "Fabien Potencier",
                    "email": "fabien@symfony.com"
                },
                {
                    "name": "Symfony Community",
                    "homepage": "http://symfony.com/contributors"
                }
            ],
            "description": "Symfony Routing Component",
            "homepage": "http://symfony.com"
        }
    ],
    "packages-dev": [
        {
            "name": "alexandresalome/php-selenium",
            "version": "dev-master",
            "source": {
                "type": "git",
                "url": "https://github.com/alexandresalome/PHP-Selenium.git",
                "reference": "1.0.1"
            },
            "dist": {
                "type": "zip",
                "url": "https://github.com/alexandresalome/PHP-Selenium/archive/1.0.1.zip",
                "reference": "1.0.1",
                "shasum": ""
            },
            "require-dev": {
                "symfony/dom-crawler": "dev-master"
            },
            "time": "2012-07-10 11:39:20",
            "type": "library",
            "installation-source": "source",
            "autoload": {
                "psr-0": {
                    "Selenium": "src/"
                }
            },
            "notification-url": "https://packagist.org/downloads/",
            "license": [
                "MIT"
            ],
            "authors": [
                {
                    "name": "Alexandre Salomé",
                    "email": "alexandre.salome@gmail.com",
                    "homepage": "http://alexandre-salome.fr/"
                }
            ],
            "description": "PHP Library for Selenium",
            "keywords": [
                "selenium"
            ]
        },
        {
            "name": "behat/behat",
            "version": "v2.4.4",
            "source": {
                "type": "git",
                "url": "git://github.com/Behat/Behat.git",
                "reference": "v2.4.4"
            },
            "dist": {
                "type": "zip",
                "url": "https://github.com/Behat/Behat/zipball/v2.4.4",
                "reference": "v2.4.4",
                "shasum": ""
            },
            "require": {
                "php": ">=5.3.1",
                "behat/gherkin": ">=2.2.4,<2.3.0-dev",
                "symfony/console": ">=2.0.0,<2.2.0-dev",
                "symfony/config": ">=2.0.0,<2.2.0-dev",
                "symfony/dependency-injection": ">=2.0.0,<2.2.0-dev",
                "symfony/event-dispatcher": ">=2.0.0,<2.2.0-dev",
                "symfony/translation": ">=2.0.0,<2.2.0-dev",
                "symfony/yaml": ">=2.0.0,<2.2.0-dev",
                "symfony/finder": ">=2.0.0,<2.2.0-dev"
            },
            "suggest": {
                "behat/symfony2-extension": "for integration with Symfony2 web framework",
                "behat/yii-extension": "for integration with Yii web framework",
                "behat/mink-extension": "for integration with Mink testing framework"
            },
            "time": "2012-09-04 07:59:18",
            "bin": [
                "bin/behat"
            ],
            "type": "library",
            "installation-source": "dist",
            "autoload": {
                "psr-0": {
                    "Behat\\Behat": "src/"
                }
            },
            "notification-url": "https://packagist.org/downloads/",
            "license": [
                "MIT"
            ],
            "authors": [
                {
                    "name": "Konstantin Kudryashov",
                    "email": "ever.zet@gmail.com",
                    "homepage": "http://everzet.com"
                }
            ],
            "description": "Scenario-oriented BDD framework for PHP 5.3",
            "homepage": "http://behat.org/",
            "keywords": [
                "Symfony2",
                "BDD",
                "Behat"
            ]
        },
        {
            "name": "behat/gherkin",
            "version": "v2.2.5",
            "source": {
                "type": "git",
                "url": "git://github.com/Behat/Gherkin.git",
                "reference": "v2.2.5"
            },
            "dist": {
                "type": "zip",
                "url": "https://github.com/Behat/Gherkin/zipball/v2.2.5",
                "reference": "v2.2.5",
                "shasum": ""
            },
            "require": {
                "php": ">=5.3.1",
                "symfony/finder": ">=2.0,<2.2-dev"
            },
            "require-dev": {
                "symfony/yaml": ">=2.0,<2.2-dev",
                "symfony/translation": ">=2.0,<2.2-dev",
                "symfony/config": ">=2.0,<2.2-dev"
            },
            "suggest": {
                "symfony/yaml": "If you want to parse features, represented in YAML files",
                "symfony/translation": "If you want to use Symfony2 translations adapter",
                "symfony/config": "If you want to use Config component to manage resources"
            },
            "time": "2012-09-26 03:03:21",
            "type": "library",
            "installation-source": "dist",
            "autoload": {
                "psr-0": {
                    "Behat\\Gherkin": "src/"
                }
            },
            "notification-url": "https://packagist.org/downloads/",
            "license": [
                "MIT"
            ],
            "authors": [
                {
                    "name": "Konstantin Kudryashov",
                    "email": "ever.zet@gmail.com",
                    "homepage": "http://everzet.com"
                }
            ],
            "description": "Gherkin DSL parser for PHP 5.3",
            "homepage": "http://behat.org/",
            "keywords": [
                "Symfony2",
                "BDD",
                "parser",
                "DSL",
                "Behat"
            ]
        },
        {
            "name": "behat/mink",
            "version": "dev-develop",
            "source": {
                "type": "git",
                "url": "git://github.com/Behat/Mink.git",
                "reference": "f05e658f90bffaad6d077e30ab96217729953330"
            },
            "dist": {
                "type": "zip",
                "url": "https://github.com/Behat/Mink/archive/f05e658f90bffaad6d077e30ab96217729953330.zip",
                "reference": "f05e658f90bffaad6d077e30ab96217729953330",
                "shasum": ""
            },
            "require": {
                "php": ">=5.3.1",
                "symfony/css-selector": ">=2.0.0,<2.2.0-dev"
            },
            "require-dev": {
                "behat/mink-goutte-driver": "*",
                "behat/mink-sahi-driver": "*",
                "behat/mink-selenium-driver": "*",
                "behat/mink-selenium2-driver": "*",
                "behat/mink-zombie-driver": "*",
                "symfony/finder": ">=2.0.0,<2.2.0-dev"
            },
            "suggest": {
                "behat/mink-goutte-driver": "to enable Goutte support",
                "behat/mink-sahi-driver": "to enable Sahi.JS support",
                "behat/mink-selenium-driver": "to enable Selenium1 support",
                "behat/mink-selenium2-driver": "to enable Selenium2 (webdriver support)",
                "behat/mink-zombie-driver": "to enable Zombie.js support"
            },
            "time": "2012-11-06 01:19:22",
            "type": "library",
            "extra": {
                "branch-alias": {
                    "dev-develop": "1.4.x-dev"
                }
            },
            "installation-source": "source",
            "autoload": {
                "psr-0": {
                    "Behat\\Mink": "src/"
                }
            },
            "notification-url": "https://packagist.org/downloads/",
            "license": [
                "MIT"
            ],
            "authors": [
                {
                    "name": "Konstantin Kudryashov",
                    "email": "ever.zet@gmail.com",
                    "homepage": "http://everzet.com"
                }
            ],
            "description": "Web acceptance testing framework for PHP 5.3",
            "homepage": "http://mink.behat.org/",
            "keywords": [
                "testing",
                "browser",
                "web"
            ]
        },
        {
            "name": "behat/mink-extension",
            "version": "dev-master",
            "source": {
                "type": "git",
                "url": "git://github.com/Behat/MinkExtension.git",
                "reference": "1b68c7343fa6d1f6171816a49197013bfbd225c5"
            },
            "dist": {
                "type": "zip",
                "url": "https://github.com/Behat/MinkExtension/archive/1b68c7343fa6d1f6171816a49197013bfbd225c5.zip",
                "reference": "1b68c7343fa6d1f6171816a49197013bfbd225c5",
                "shasum": ""
            },
            "require": {
                "php": ">=5.3.2",
                "behat/behat": ">=2.4.0,<2.5.0",
                "behat/mink": ">=1.4.0,<1.5.0"
            },
            "require-dev": {
                "behat/mink-goutte-driver": "*"
            },
            "time": "2012-12-12 08:34:22",
            "type": "behat-extension",
            "installation-source": "source",
            "autoload": {
                "psr-0": {
                    "Behat\\MinkExtension": "src/"
                }
            },
            "notification-url": "https://packagist.org/downloads/",
            "license": [
                "MIT"
            ],
            "authors": [
                {
                    "name": "Konstantin Kudryashov",
                    "email": "ever.zet@gmail.com",
                    "homepage": "http://everzet.com"
                }
            ],
            "description": "Mink extension for Behat",
            "homepage": "http://mink.behat.org",
            "keywords": [
                "test",
                "browser",
                "web",
                "gui"
            ]
        },
        {
            "name": "behat/mink-selenium-driver",
            "version": "dev-master",
            "source": {
                "type": "git",
                "url": "git://github.com/Behat/MinkSeleniumDriver.git",
                "reference": "9d7f0993a3b5750ef8926bcecf9cfe946c1990b4"
            },
            "dist": {
                "type": "zip",
                "url": "https://github.com/Behat/MinkSeleniumDriver/archive/9d7f0993a3b5750ef8926bcecf9cfe946c1990b4.zip",
                "reference": "9d7f0993a3b5750ef8926bcecf9cfe946c1990b4",
                "shasum": ""
            },
            "require": {
                "php": ">=5.3.1",
                "behat/mink": ">=1.4.0,<1.5.0",
                "symfony/dom-crawler": ">=2.0.0,<2.2.0",
                "alexandresalome/php-selenium": "@dev"
            },
            "time": "2012-10-07 16:04:20",
            "type": "mink-driver",
            "installation-source": "source",
            "autoload": {
                "psr-0": {
                    "Behat\\Mink\\Driver": "src/"
                }
            },
            "notification-url": "https://packagist.org/downloads/",
            "license": [
                "MIT"
            ],
            "authors": [
                {
                    "name": "Konstantin Kudryashov",
                    "email": "ever.zet@gmail.com",
                    "homepage": "http://everzet.com"
                }
            ],
            "description": "Selenium driver for Mink framework",
            "homepage": "http://mink.behat.org/",
            "keywords": [
                "javascript",
                "testing",
                "browser",
                "ajax",
                "selenium"
            ]
        },
        {
            "name": "symfony/config",
            "version": "2.1.x-dev",
            "target-dir": "Symfony/Component/Config",
            "source": {
                "type": "git",
                "url": "https://github.com/symfony/Config",
                "reference": "bd0f27e64df413a34bc3f68f8585fa8dce7fdb88"
            },
            "dist": {
                "type": "zip",
                "url": "https://github.com/symfony/Config/archive/bd0f27e64df413a34bc3f68f8585fa8dce7fdb88.zip",
                "reference": "bd0f27e64df413a34bc3f68f8585fa8dce7fdb88",
                "shasum": ""
            },
            "require": {
                "php": ">=5.3.3"
            },
            "time": "2012-12-11 10:40:22",
            "type": "library",
            "installation-source": "source",
            "autoload": {
                "psr-0": {
                    "Symfony\\Component\\Config": ""
                }
            },
            "notification-url": "https://packagist.org/downloads/",
            "license": [
                "MIT"
            ],
            "authors": [
                {
                    "name": "Fabien Potencier",
                    "email": "fabien@symfony.com"
                },
                {
                    "name": "Symfony Community",
                    "homepage": "http://symfony.com/contributors"
                }
            ],
            "description": "Symfony Config Component",
            "homepage": "http://symfony.com"
        },
        {
            "name": "symfony/console",
            "version": "2.1.x-dev",
            "target-dir": "Symfony/Component/Console",
            "source": {
                "type": "git",
                "url": "https://github.com/symfony/Console",
                "reference": "e27fb799dada52e80c4f18550eca8e45fbe55f0c"
            },
            "dist": {
                "type": "zip",
                "url": "https://github.com/symfony/Console/archive/e27fb799dada52e80c4f18550eca8e45fbe55f0c.zip",
                "reference": "e27fb799dada52e80c4f18550eca8e45fbe55f0c",
                "shasum": ""
            },
            "require": {
                "php": ">=5.3.3"
            },
            "time": "2012-12-13 17:42:00",
            "type": "library",
            "installation-source": "source",
            "autoload": {
                "psr-0": {
                    "Symfony\\Component\\Console": ""
                }
            },
            "notification-url": "https://packagist.org/downloads/",
            "license": [
                "MIT"
            ],
            "authors": [
                {
                    "name": "Fabien Potencier",
                    "email": "fabien@symfony.com"
                },
                {
                    "name": "Symfony Community",
                    "homepage": "http://symfony.com/contributors"
                }
            ],
            "description": "Symfony Console Component",
            "homepage": "http://symfony.com"
        },
        {
            "name": "symfony/css-selector",
            "version": "2.1.x-dev",
            "target-dir": "Symfony/Component/CssSelector",
            "source": {
                "type": "git",
                "url": "https://github.com/symfony/CssSelector",
                "reference": "3bf44fd37af95e0fd7764040abf9744f189fba05"
            },
            "dist": {
                "type": "zip",
                "url": "https://github.com/symfony/CssSelector/archive/3bf44fd37af95e0fd7764040abf9744f189fba05.zip",
                "reference": "3bf44fd37af95e0fd7764040abf9744f189fba05",
                "shasum": ""
            },
            "require": {
                "php": ">=5.3.3"
            },
            "time": "2012-12-11 10:33:11",
            "type": "library",
            "installation-source": "source",
            "autoload": {
                "psr-0": {
                    "Symfony\\Component\\CssSelector": ""
                }
            },
            "notification-url": "https://packagist.org/downloads/",
            "license": [
                "MIT"
            ],
            "authors": [
                {
                    "name": "Fabien Potencier",
                    "email": "fabien@symfony.com"
                },
                {
                    "name": "Symfony Community",
                    "homepage": "http://symfony.com/contributors"
                }
            ],
            "description": "Symfony CssSelector Component",
            "homepage": "http://symfony.com"
        },
        {
            "name": "symfony/dependency-injection",
            "version": "2.1.x-dev",
            "target-dir": "Symfony/Component/DependencyInjection",
            "source": {
                "type": "git",
                "url": "https://github.com/symfony/DependencyInjection",
                "reference": "dccbb613058af57374263f64f667e779a215527a"
            },
            "dist": {
                "type": "zip",
                "url": "https://github.com/symfony/DependencyInjection/archive/dccbb613058af57374263f64f667e779a215527a.zip",
                "reference": "dccbb613058af57374263f64f667e779a215527a",
                "shasum": ""
            },
            "require": {
                "php": ">=5.3.3"
            },
            "require-dev": {
                "symfony/yaml": "2.1.*",
                "symfony/config": "2.1.*"
            },
            "suggest": {
                "symfony/yaml": "2.1.*",
                "symfony/config": "2.1.*"
            },
            "time": "2012-12-06 10:00:55",
            "type": "library",
            "installation-source": "source",
            "autoload": {
                "psr-0": {
                    "Symfony\\Component\\DependencyInjection": ""
                }
            },
            "notification-url": "https://packagist.org/downloads/",
            "license": [
                "MIT"
            ],
            "authors": [
                {
                    "name": "Fabien Potencier",
                    "email": "fabien@symfony.com"
                },
                {
                    "name": "Symfony Community",
                    "homepage": "http://symfony.com/contributors"
                }
            ],
            "description": "Symfony DependencyInjection Component",
            "homepage": "http://symfony.com"
        },
        {
            "name": "symfony/dom-crawler",
            "version": "2.1.x-dev",
            "target-dir": "Symfony/Component/DomCrawler",
            "source": {
                "type": "git",
                "url": "https://github.com/symfony/DomCrawler",
                "reference": "96ee94d706f898a3a1009dd818e844554caa368f"
            },
            "dist": {
                "type": "zip",
                "url": "https://github.com/symfony/DomCrawler/archive/96ee94d706f898a3a1009dd818e844554caa368f.zip",
                "reference": "96ee94d706f898a3a1009dd818e844554caa368f",
                "shasum": ""
            },
            "require": {
                "php": ">=5.3.3"
            },
            "require-dev": {
                "symfony/css-selector": "2.1.*"
            },
            "suggest": {
                "symfony/css-selector": "2.1.*"
            },
            "time": "2012-12-06 10:00:55",
            "type": "library",
            "installation-source": "source",
            "autoload": {
                "psr-0": {
                    "Symfony\\Component\\DomCrawler": ""
                }
            },
            "notification-url": "https://packagist.org/downloads/",
            "license": [
                "MIT"
            ],
            "authors": [
                {
                    "name": "Fabien Potencier",
                    "email": "fabien@symfony.com"
                },
                {
                    "name": "Symfony Community",
                    "homepage": "http://symfony.com/contributors"
                }
            ],
            "description": "Symfony DomCrawler Component",
            "homepage": "http://symfony.com"
        },
        {
            "name": "symfony/event-dispatcher",
            "version": "2.1.x-dev",
            "target-dir": "Symfony/Component/EventDispatcher",
            "source": {
                "type": "git",
                "url": "https://github.com/symfony/EventDispatcher",
                "reference": "df9bde91f8f6fa7fb40996edf30e632cfc606b4a"
            },
            "dist": {
                "type": "zip",
                "url": "https://github.com/symfony/EventDispatcher/archive/df9bde91f8f6fa7fb40996edf30e632cfc606b4a.zip",
                "reference": "df9bde91f8f6fa7fb40996edf30e632cfc606b4a",
                "shasum": ""
            },
            "require": {
                "php": ">=5.3.3"
            },
            "require-dev": {
                "symfony/dependency-injection": "2.1.*"
            },
            "suggest": {
                "symfony/dependency-injection": "2.1.*",
                "symfony/http-kernel": "2.1.*"
            },
            "time": "2012-12-06 10:00:55",
            "type": "library",
            "installation-source": "source",
            "autoload": {
                "psr-0": {
                    "Symfony\\Component\\EventDispatcher": ""
                }
            },
            "notification-url": "https://packagist.org/downloads/",
            "license": [
                "MIT"
            ],
            "authors": [
                {
                    "name": "Fabien Potencier",
                    "email": "fabien@symfony.com"
                },
                {
                    "name": "Symfony Community",
                    "homepage": "http://symfony.com/contributors"
                }
            ],
            "description": "Symfony EventDispatcher Component",
            "homepage": "http://symfony.com"
        },
        {
            "name": "symfony/finder",
            "version": "2.1.x-dev",
            "target-dir": "Symfony/Component/Finder",
            "source": {
                "type": "git",
                "url": "https://github.com/symfony/Finder",
                "reference": "d9cc0a82455be6a49ffbfe2fb014da78d0b8c354"
            },
            "dist": {
                "type": "zip",
                "url": "https://github.com/symfony/Finder/archive/d9cc0a82455be6a49ffbfe2fb014da78d0b8c354.zip",
                "reference": "d9cc0a82455be6a49ffbfe2fb014da78d0b8c354",
                "shasum": ""
            },
            "require": {
                "php": ">=5.3.3"
            },
            "time": "2012-12-10 12:46:54",
            "type": "library",
            "installation-source": "source",
            "autoload": {
                "psr-0": {
                    "Symfony\\Component\\Finder": ""
                }
            },
            "notification-url": "https://packagist.org/downloads/",
            "license": [
                "MIT"
            ],
            "authors": [
                {
                    "name": "Fabien Potencier",
                    "email": "fabien@symfony.com"
                },
                {
                    "name": "Symfony Community",
                    "homepage": "http://symfony.com/contributors"
                }
            ],
            "description": "Symfony Finder Component",
            "homepage": "http://symfony.com"
        },
        {
            "name": "symfony/translation",
            "version": "2.1.x-dev",
            "target-dir": "Symfony/Component/Translation",
            "source": {
                "type": "git",
                "url": "https://github.com/symfony/Translation",
                "reference": "64ab9706970fdde7d872f9713d023dd47c3136bc"
            },
            "dist": {
                "type": "zip",
                "url": "https://github.com/symfony/Translation/archive/64ab9706970fdde7d872f9713d023dd47c3136bc.zip",
                "reference": "64ab9706970fdde7d872f9713d023dd47c3136bc",
                "shasum": ""
            },
            "require": {
                "php": ">=5.3.3"
            },
            "require-dev": {
                "symfony/config": "2.1.*",
                "symfony/yaml": "2.1.*"
            },
            "suggest": {
                "symfony/config": "2.1.*",
                "symfony/yaml": "2.1.*"
            },
            "time": "2012-12-06 10:00:55",
            "type": "library",
            "installation-source": "source",
            "autoload": {
                "psr-0": {
                    "Symfony\\Component\\Translation": ""
                }
            },
            "notification-url": "https://packagist.org/downloads/",
            "license": [
                "MIT"
            ],
            "authors": [
                {
                    "name": "Fabien Potencier",
                    "email": "fabien@symfony.com"
                },
                {
                    "name": "Symfony Community",
                    "homepage": "http://symfony.com/contributors"
                }
            ],
            "description": "Symfony Translation Component",
            "homepage": "http://symfony.com"
        },
        {
            "name": "symfony/yaml",
            "version": "2.1.x-dev",
            "target-dir": "Symfony/Component/Yaml",
            "source": {
                "type": "git",
                "url": "https://github.com/symfony/Yaml",
                "reference": "4fdae9fa28b7abd1135afc5227a4e59af4b64e5a"
            },
            "dist": {
                "type": "zip",
                "url": "https://github.com/symfony/Yaml/archive/4fdae9fa28b7abd1135afc5227a4e59af4b64e5a.zip",
                "reference": "4fdae9fa28b7abd1135afc5227a4e59af4b64e5a",
                "shasum": ""
            },
            "require": {
                "php": ">=5.3.3"
            },
            "time": "2012-12-06 10:00:55",
            "type": "library",
            "installation-source": "source",
            "autoload": {
                "psr-0": {
                    "Symfony\\Component\\Yaml": ""
                }
            },
            "notification-url": "https://packagist.org/downloads/",
            "license": [
                "MIT"
            ],
            "authors": [
                {
                    "name": "Fabien Potencier",
                    "email": "fabien@symfony.com"
                },
                {
                    "name": "Symfony Community",
                    "homepage": "http://symfony.com/contributors"
                }
            ],
            "description": "Symfony Yaml Component",
            "homepage": "http://symfony.com"
        }
    ],
    "aliases": [

    ],
    "minimum-stability": "dev",
    "stability-flags": {
        "silex/silex": 20,
        "behat/behat": 0
    }
}
